
Microsoft Visual Studio Solution File, Format Version 12.00
# Visual Studio Version 17
VisualStudioVersion = 17.2.32602.215
MinimumVisualStudioVersion = 10.0.40219.1
Project("{FAE04EC0-301F-11D3-BF4B-00C04F79EFBC}") = "GitHubProjects", "GitHubProjects\GitHubProjects.csproj", "{62E0D918-2003-414B-B2F0-276372C4EB2F}"
EndProject
Global
	GlobalSection(SolutionConfigurationPlatforms) = preSolution
		Debug|Any CPU = Debug|Any CPU
		Release|Any CPU = Release|Any CPU
	EndGlobalSection
	GlobalSection(ProjectConfigurationPlatforms) = postSolution
		{62E0D918-2003-414B-B2F0-276372C4EB2F}.Debug|Any CPU.ActiveCfg = Debug|Any CPU
		{62E0D918-2003-414B-B2F0-276372C4EB2F}.Debug|Any CPU.Build.0 = Debug|Any CPU
		{62E0D918-2003-414B-B2F0-276372C4EB2F}.Release|Any CPU.ActiveCfg = Release|Any CPU
		{62E0D918-2003-414B-B2F0-276372C4EB2F}.Release|Any CPU.Build.0 = Release|Any CPU
	EndGlobalSection
	GlobalSection(SolutionProperties) = preSolution
		HideSolutionNode = FALSE
	EndGlobalSection
	GlobalSection(ExtensibilityGlobals) = postSolution
		SolutionGuid = {47CC7C39-419D-4701-AA6D-1F294D0DBA31}
	EndGlobalSection
EndGlobal
